// !$*UTF8*$!
{
	archiveVersion = 1;
	classes = {
	};
	objectVersion = 46;
	objects = {

/* Begin PBXBuildFile section */
		82D612321D82DCD9008559BB /* main.cpp in Sources */ = {isa = PBXBuildFile; fileRef = 82D612311D82DCD9008559BB /* main.cpp */; };
/* End PBXBuildFile section */

/* Begin PBXCopyFilesBuildPhase section */
		82D6122C1D82DCD9008559BB /* CopyFiles */ = {
			isa = PBXCopyFilesBuildPhase;
			buildActionMask = 2147483647;
			dstPath = /usr/share/man/man1/;
			dstSubfolderSpec = 0;
			files = (
			);
			runOnlyForDeploymentPostprocessing = 1;
		};
/* End PBXCopyFilesBuildPhase section */

/* Begin PBXFileReference section */
		82D6122E1D82DCD9008559BB /* examen_parcial1 */ = {isa = PBXFileReference; explicitFileType = "compiled.mach-o.executable"; includeInIndex = 0; path = examen_parcial1; sourceTree = BUILT_PRODUCTS_DIR; };
		82D612311D82DCD9008559BB /* main.cpp */ = {isa = PBXFileReference; lastKnownFileType = sourcecode.cpp.cpp; path = main.cpp; sourceTree = "<group>"; };
		82D612381D82E07B008559BB /* pasteleria.h */ = {isa = PBXFileReference; lastKnownFileType = sourcecode.c.h; path = pasteleria.h; sourceTree = "<group>"; };
		82D612391D82E085008559BB /* iterador.h */ = {isa = PBXFileReference; lastKnownFileType = sourcecode.c.h; path = iterador.h; sourceTree = "<group>"; };
/* End PBXFileReference section */

/* Begin PBXFrameworksBuildPhase section */
		82D6122B1D82DCD9008559BB /* Frameworks */ = {
			isa = PBXFrameworksBuildPhase;
			buildActionMask = 2147483647;
			files = (
			);
			runOnlyForDeploymentPostprocessing = 0;
		};
/* End PBXFrameworksBuildPhase section */

/* Begin PBXGroup section */
		82D612251D82DCD9008559BB = {
			isa = PBXGroup;
			children = (
				82D612301D82DCD9008559BB /* examen_parcial1 */,
				82D6122F1D82DCD9008559BB /* Products */,
			);
			sourceTree = "<group>";
		};
		82D6122F1D82DCD9008559BB /* Products */ = {
			isa = PBXGroup;
			children = (
				82D6122E1D82DCD9008559BB /* examen_parcial1 */,
			);
			name = Products;
			sourceTree = "<group>";
		};
		82D612301D82DCD9008559BB /* examen_parcial1 */ = {
			isa = PBXGroup;
			children = (
				82D612311D82DCD9008559BB /* main.cpp */,
				82D612381D82E07B008559BB /* pasteleria.h */,
				82D612391D82E085008559BB /* iterador.h */,
			);
			path = examen_parcial1;
			sourceTree = "<group>";
		};
/* End PBXGroup section */

/* Begin PBXNativeTarget section */
		82D6122D1D82DCD9008559BB /* examen_parcial1 */ = {
			isa = PBXNativeTarget;
			buildConfigurationList = 82D612351D82DCD9008559BB /* Build configuration list for PBXNativeTarget "examen_parcial1" */;
			buildPhases = (
				82D6122A1D82DCD9008559BB /* Sources */,
				82D6122B1D82DCD9008559BB /* Frameworks */,
				82D6122C1D82DCD9008559BB /* CopyFiles */,
			);
			buildRules = (
			);
			dependencies = (
			);
			name = examen_parcial1;
			productName = examen_parcial1;
			productReference = 82D6122E1D82DCD9008559BB /* examen_parcial1 */;
			productType = "com.apple.product-type.tool";
		};
/* End PBXNativeTarget section */

/* Begin PBXProject section */
		82D612261D82DCD9008559BB /* Project object */ = {
			isa = PBXProject;
			attributes = {
				LastUpgradeCheck = 0730;
				ORGANIZATIONNAME = "Alejandro Herce";
				TargetAttributes = {
					82D6122D1D82DCD9008559BB = {
						CreatedOnToolsVersion = 7.3;
					};
				};
			};
			buildConfigurationList = 82D612291D82DCD9008559BB /* Build configuration list for PBXProject "examen_parcial1" */;
			compatibilityVersion = "Xcode 3.2";
			developmentRegion = English;
			hasScannedForEncodings = 0;
			knownRegions = (
				en,
			);
			mainGroup = 82D612251D82DCD9008559BB;
			productRefGroup = 82D6122F1D82DCD9008559BB /* Products */;
			projectDirPath = "";
			projectRoot = "";
			targets = (
				82D6122D1D82DCD9008559BB /* examen_parcial1 */,
			);
		};
/* End PBXProject section */

/* Begin PBXSourcesBuildPhase section */
		82D6122A1D82DCD9008559BB /* Sources */ = {
			isa = PBXSourcesBuildPhase;
			buildActionMask = 2147483647;
			files = (
				82D612321D82DCD9008559BB /* main.cpp in Sources */,
			);
			runOnlyForDeploymentPostprocessing = 0;
		};
/* End PBXSourcesBuildPhase section */

/* Begin XCBuildConfiguration section */
		82D612331D82DCD9008559BB /* Debug */ = {
			isa = XCBuildConfiguration;
			buildSettings = {
				ALWAYS_SEARCH_USER_PATHS = NO;
				CLANG_ANALYZER_NONNULL = YES;
				CLANG_CXX_LANGUAGE_STANDARD = "gnu++0x";
				CLANG_CXX_LIBRARY = "libc++";
				CLANG_ENABLE_MODULES = YES;
				CLANG_ENABLE_OBJC_ARC = YES;
				CLANG_WARN_BOOL_CONVERSION = YES;
				CLANG_WARN_CONSTANT_CONVERSION = YES;
				CLANG_WARN_DIRECT_OBJC_ISA_USAGE = YES_ERROR;
				CLANG_WARN_EMPTY_BODY = YES;
				CLANG_WARN_ENUM_CONVERSION = YES;
				CLANG_WARN_INT_CONVERSION = YES;
				CLANG_WARN_OBJC_ROOT_CLASS = YES_ERROR;
				CLANG_WARN_UNREACHABLE_CODE = YES;
				CLANG_WARN__DUPLICATE_METHOD_MATCH = YES;
				CODE_SIGN_IDENTITY = "-";
				COPY_PHASE_STRIP = NO;
				DEBUG_INFORMATION_FORMAT = dwarf;
				ENABLE_STRICT_OBJC_MSGSEND = YES;
				ENABLE_TESTABILITY = YES;
				GCC_C_LANGUAGE_STANDARD = gnu99;
				GCC_DYNAMIC_NO_PIC = NO;
				GCC_NO_COMMON_BLOCKS = YES;
				GCC_OPTIMIZATION_LEVEL = 0;
				GCC_PREPROCESSOR_DEFINITIONS = (
					"DEBUG=1",
					"$(inherited)",
				);
				GCC_WARN_64_TO_32_BIT_CONVERSION = YES;
				GCC_WARN_ABOUT_RETURN_TYPE = YES_ERROR;
				GCC_WARN_UNDECLARED_SELECTOR = YES;
				GCC_WARN_UNINITIALIZED_AUTOS = YES_AGGRESSIVE;
				GCC_WARN_UNUSED_FUNCTION = YES;
				GCC_WARN_UNUSED_VARIABLE = YES;
				MACOSX_DEPLOYMENT_TARGET = 10.11;
				MTL_ENABLE_DEBUG_INFO = YES;
				ONLY_ACTIVE_ARCH = YES;
				SDKROOT = macosx;
			};
			name = Debug;
		};
		82D612341D82DCD9008559BB /* Release */ = {
			isa = XCBuildConfiguration;
			buildSettings = {
				ALWAYS_SEARCH_USER_PATHS = NO;
				CLANG_ANALYZER_NONNULL = YES;
				CLANG_CXX_LANGUAGE_STANDARD = "gnu++0x";
				CLANG_CXX_LIBRARY = "libc++";
				CLANG_ENABLE_MODULES = YES;
				CLANG_ENABLE_OBJC_ARC = YES;
				CLANG_WARN_BOOL_CONVERSION = YES;
				CLANG_WARN_CONSTANT_CONVERSION = YES;
				CLANG_WARN_DIRECT_OBJC_ISA_USAGE = YES_ERROR;
				CLANG_WARN_EMPTY_BODY = YES;
				CLANG_WARN_ENUM_CONVERSION = YES;
				CLANG_WARN_INT_CONVERSION = YES;
				CLANG_WARN_OBJC_ROOT_CLASS = YES_ERROR;
				CLANG_WARN_UNREACHABLE_CODE = YES;
				CLANG_WARN__DUPLICATE_METHOD_MATCH = YES;
				CODE_SIGN_IDENTITY = "-";
				COPY_PHASE_STRIP = NO;
				DEBUG_INFORMATION_FORMAT = "dwarf-with-dsym";
				ENABLE_NS_ASSERTIONS = NO;
				ENABLE_STRICT_OBJC_MSGSEND = YES;
				GCC_C_LANGUAGE_STANDARD = gnu99;
				GCC_NO_COMMON_BLOCKS = YES;
				GCC_WARN_64_TO_32_BIT_CONVERSION = YES;
				GCC_WARN_ABOUT_RETURN_TYPE = YES_ERROR;
				GCC_WARN_UNDECLARED_SELECTOR = YES;
				GCC_WARN_UNINITIALIZED_AUTOS = YES_AGGRESSIVE;
				GCC_WARN_UNUSED_FUNCTION = YES;
				GCC_WARN_UNUSED_VARIABLE = YES;
				MACOSX_DEPLOYMENT_TARGET = 10.11;
				MTL_ENABLE_DEBUG_INFO = NO;
				SDKROOT = macosx;
			};
			name = Release;
		};
		82D612361D82DCD9008559BB /* Debug */ = {
			isa = XCBuildConfiguration;
			buildSettings = {
				PRODUCT_NAME = "$(TARGET_NAME)";
			};
			name = Debug;
		};
		82D612371D82DCD9008559BB /* Release */ = {
			isa = XCBuildConfiguration;
			buildSettings = {
				PRODUCT_NAME = "$(TARGET_NAME)";
			};
			name = Release;
		};
/* End XCBuildConfiguration section */

/* Begin XCConfigurationList section */
		82D612291D82DCD9008559BB /* Build configuration list for PBXProject "examen_parcial1" */ = {
			isa = XCConfigurationList;
			buildConfigurations = (
				82D612331D82DCD9008559BB /* Debug */,
				82D612341D82DCD9008559BB /* Release */,
			);
			defaultConfigurationIsVisible = 0;
			defaultConfigurationName = Release;
		};
		82D612351D82DCD9008559BB /* Build configuration list for PBXNativeTarget "examen_parcial1" */ = {
			isa = XCConfigurationList;
			buildConfigurations = (
				82D612361D82DCD9008559BB /* Debug */,
				82D612371D82DCD9008559BB /* Release */,
			);
			defaultConfigurationIsVisible = 0;
			defaultConfigurationName = Release;
		};
/* End XCConfigurationList section */
	};
	rootObject = 82D612261D82DCD9008559BB /* Project object */;
}
