// !$*UTF8*$!
{
	archiveVersion = 1;
	classes = {
	};
	objectVersion = 46;
	objects = {

/* Begin PBXBuildFile section */
		82FB49F51DBA3110004925AB /* main.cpp in Sources */ = {isa = PBXBuildFile; fileRef = 82FB49F41DBA3110004925AB /* main.cpp */; };
/* End PBXBuildFile section */

/* Begin PBXCopyFilesBuildPhase section */
		82FB49EF1DBA3110004925AB /* CopyFiles */ = {
			isa = PBXCopyFilesBuildPhase;
			buildActionMask = 2147483647;
			dstPath = /usr/share/man/man1/;
			dstSubfolderSpec = 0;
			files = (
			);
			runOnlyForDeploymentPostprocessing = 1;
		};
/* End PBXCopyFilesBuildPhase section */

/* Begin PBXFileReference section */
		82C146701DBA3EBC00922F44 /* Observer.h */ = {isa = PBXFileReference; lastKnownFileType = sourcecode.c.h; path = Observer.h; sourceTree = "<group>"; };
		82C146711DBA3EDB00922F44 /* Observable.h */ = {isa = PBXFileReference; lastKnownFileType = sourcecode.c.h; path = Observable.h; sourceTree = "<group>"; };
		82C146741DBA417D00922F44 /* MVS.h */ = {isa = PBXFileReference; lastKnownFileType = sourcecode.c.h; path = MVS.h; sourceTree = "<group>"; };
		82C146751DBA419500922F44 /* Televisa.h */ = {isa = PBXFileReference; lastKnownFileType = sourcecode.c.h; path = Televisa.h; sourceTree = "<group>"; };
		82C146761DBA41B000922F44 /* TVAzteca.h */ = {isa = PBXFileReference; lastKnownFileType = sourcecode.c.h; path = TVAzteca.h; sourceTree = "<group>"; };
		82C146771DBA41C200922F44 /* RadioFormula.h */ = {isa = PBXFileReference; lastKnownFileType = sourcecode.c.h; path = RadioFormula.h; sourceTree = "<group>"; };
		82C146781DBA41D700922F44 /* CNN.h */ = {isa = PBXFileReference; lastKnownFileType = sourcecode.c.h; path = CNN.h; sourceTree = "<group>"; };
		82C146791DBA41EC00922F44 /* PenaNieto.h */ = {isa = PBXFileReference; lastKnownFileType = sourcecode.c.h; path = PenaNieto.h; sourceTree = "<group>"; };
		82C1467A1DBA41FF00922F44 /* Hillary.h */ = {isa = PBXFileReference; lastKnownFileType = sourcecode.c.h; path = Hillary.h; sourceTree = "<group>"; };
		82C1467B1DBA421100922F44 /* Trump.h */ = {isa = PBXFileReference; lastKnownFileType = sourcecode.c.h; path = Trump.h; sourceTree = "<group>"; };
		82FB49F11DBA3110004925AB /* Ejercicio1 */ = {isa = PBXFileReference; explicitFileType = "compiled.mach-o.executable"; includeInIndex = 0; path = Ejercicio1; sourceTree = BUILT_PRODUCTS_DIR; };
		82FB49F41DBA3110004925AB /* main.cpp */ = {isa = PBXFileReference; lastKnownFileType = sourcecode.cpp.cpp; path = main.cpp; sourceTree = "<group>"; };
/* End PBXFileReference section */

/* Begin PBXFrameworksBuildPhase section */
		82FB49EE1DBA3110004925AB /* Frameworks */ = {
			isa = PBXFrameworksBuildPhase;
			buildActionMask = 2147483647;
			files = (
			);
			runOnlyForDeploymentPostprocessing = 0;
		};
/* End PBXFrameworksBuildPhase section */

/* Begin PBXGroup section */
		82FB49E81DBA3110004925AB = {
			isa = PBXGroup;
			children = (
				82FB49F31DBA3110004925AB /* Ejercicio1 */,
				82FB49F21DBA3110004925AB /* Products */,
			);
			sourceTree = "<group>";
		};
		82FB49F21DBA3110004925AB /* Products */ = {
			isa = PBXGroup;
			children = (
				82FB49F11DBA3110004925AB /* Ejercicio1 */,
			);
			name = Products;
			sourceTree = "<group>";
		};
		82FB49F31DBA3110004925AB /* Ejercicio1 */ = {
			isa = PBXGroup;
			children = (
				82FB49F41DBA3110004925AB /* main.cpp */,
				82C146701DBA3EBC00922F44 /* Observer.h */,
				82C146711DBA3EDB00922F44 /* Observable.h */,
				82C146741DBA417D00922F44 /* MVS.h */,
				82C146751DBA419500922F44 /* Televisa.h */,
				82C146761DBA41B000922F44 /* TVAzteca.h */,
				82C146771DBA41C200922F44 /* RadioFormula.h */,
				82C146781DBA41D700922F44 /* CNN.h */,
				82C146791DBA41EC00922F44 /* PenaNieto.h */,
				82C1467A1DBA41FF00922F44 /* Hillary.h */,
				82C1467B1DBA421100922F44 /* Trump.h */,
			);
			path = Ejercicio1;
			sourceTree = "<group>";
		};
/* End PBXGroup section */

/* Begin PBXNativeTarget section */
		82FB49F01DBA3110004925AB /* Ejercicio1 */ = {
			isa = PBXNativeTarget;
			buildConfigurationList = 82FB49F81DBA3110004925AB /* Build configuration list for PBXNativeTarget "Ejercicio1" */;
			buildPhases = (
				82FB49ED1DBA3110004925AB /* Sources */,
				82FB49EE1DBA3110004925AB /* Frameworks */,
				82FB49EF1DBA3110004925AB /* CopyFiles */,
			);
			buildRules = (
			);
			dependencies = (
			);
			name = Ejercicio1;
			productName = Ejercicio1;
			productReference = 82FB49F11DBA3110004925AB /* Ejercicio1 */;
			productType = "com.apple.product-type.tool";
		};
/* End PBXNativeTarget section */

/* Begin PBXProject section */
		82FB49E91DBA3110004925AB /* Project object */ = {
			isa = PBXProject;
			attributes = {
				LastUpgradeCheck = 0730;
				ORGANIZATIONNAME = "Alejandro Herce";
				TargetAttributes = {
					82FB49F01DBA3110004925AB = {
						CreatedOnToolsVersion = 7.3;
					};
				};
			};
			buildConfigurationList = 82FB49EC1DBA3110004925AB /* Build configuration list for PBXProject "Ejercicio1" */;
			compatibilityVersion = "Xcode 3.2";
			developmentRegion = English;
			hasScannedForEncodings = 0;
			knownRegions = (
				en,
			);
			mainGroup = 82FB49E81DBA3110004925AB;
			productRefGroup = 82FB49F21DBA3110004925AB /* Products */;
			projectDirPath = "";
			projectRoot = "";
			targets = (
				82FB49F01DBA3110004925AB /* Ejercicio1 */,
			);
		};
/* End PBXProject section */

/* Begin PBXSourcesBuildPhase section */
		82FB49ED1DBA3110004925AB /* Sources */ = {
			isa = PBXSourcesBuildPhase;
			buildActionMask = 2147483647;
			files = (
				82FB49F51DBA3110004925AB /* main.cpp in Sources */,
			);
			runOnlyForDeploymentPostprocessing = 0;
		};
/* End PBXSourcesBuildPhase section */

/* Begin XCBuildConfiguration section */
		82FB49F61DBA3110004925AB /* Debug */ = {
			isa = XCBuildConfiguration;
			buildSettings = {
				ALWAYS_SEARCH_USER_PATHS = NO;
				CLANG_ANALYZER_NONNULL = YES;
				CLANG_CXX_LANGUAGE_STANDARD = "gnu++0x";
				CLANG_CXX_LIBRARY = "libc++";
				CLANG_ENABLE_MODULES = YES;
				CLANG_ENABLE_OBJC_ARC = YES;
				CLANG_WARN_BOOL_CONVERSION = YES;
				CLANG_WARN_CONSTANT_CONVERSION = YES;
				CLANG_WARN_DIRECT_OBJC_ISA_USAGE = YES_ERROR;
				CLANG_WARN_EMPTY_BODY = YES;
				CLANG_WARN_ENUM_CONVERSION = YES;
				CLANG_WARN_INT_CONVERSION = YES;
				CLANG_WARN_OBJC_ROOT_CLASS = YES_ERROR;
				CLANG_WARN_UNREACHABLE_CODE = YES;
				CLANG_WARN__DUPLICATE_METHOD_MATCH = YES;
				CODE_SIGN_IDENTITY = "-";
				COPY_PHASE_STRIP = NO;
				DEBUG_INFORMATION_FORMAT = dwarf;
				ENABLE_STRICT_OBJC_MSGSEND = YES;
				ENABLE_TESTABILITY = YES;
				GCC_C_LANGUAGE_STANDARD = gnu99;
				GCC_DYNAMIC_NO_PIC = NO;
				GCC_NO_COMMON_BLOCKS = YES;
				GCC_OPTIMIZATION_LEVEL = 0;
				GCC_PREPROCESSOR_DEFINITIONS = (
					"DEBUG=1",
					"$(inherited)",
				);
				GCC_WARN_64_TO_32_BIT_CONVERSION = YES;
				GCC_WARN_ABOUT_RETURN_TYPE = YES_ERROR;
				GCC_WARN_UNDECLARED_SELECTOR = YES;
				GCC_WARN_UNINITIALIZED_AUTOS = YES_AGGRESSIVE;
				GCC_WARN_UNUSED_FUNCTION = YES;
				GCC_WARN_UNUSED_VARIABLE = YES;
				MACOSX_DEPLOYMENT_TARGET = 10.12;
				MTL_ENABLE_DEBUG_INFO = YES;
				ONLY_ACTIVE_ARCH = YES;
				SDKROOT = macosx;
			};
			name = Debug;
		};
		82FB49F71DBA3110004925AB /* Release */ = {
			isa = XCBuildConfiguration;
			buildSettings = {
				ALWAYS_SEARCH_USER_PATHS = NO;
				CLANG_ANALYZER_NONNULL = YES;
				CLANG_CXX_LANGUAGE_STANDARD = "gnu++0x";
				CLANG_CXX_LIBRARY = "libc++";
				CLANG_ENABLE_MODULES = YES;
				CLANG_ENABLE_OBJC_ARC = YES;
				CLANG_WARN_BOOL_CONVERSION = YES;
				CLANG_WARN_CONSTANT_CONVERSION = YES;
				CLANG_WARN_DIRECT_OBJC_ISA_USAGE = YES_ERROR;
				CLANG_WARN_EMPTY_BODY = YES;
				CLANG_WARN_ENUM_CONVERSION = YES;
				CLANG_WARN_INT_CONVERSION = YES;
				CLANG_WARN_OBJC_ROOT_CLASS = YES_ERROR;
				CLANG_WARN_UNREACHABLE_CODE = YES;
				CLANG_WARN__DUPLICATE_METHOD_MATCH = YES;
				CODE_SIGN_IDENTITY = "-";
				COPY_PHASE_STRIP = NO;
				DEBUG_INFORMATION_FORMAT = "dwarf-with-dsym";
				ENABLE_NS_ASSERTIONS = NO;
				ENABLE_STRICT_OBJC_MSGSEND = YES;
				GCC_C_LANGUAGE_STANDARD = gnu99;
				GCC_NO_COMMON_BLOCKS = YES;
				GCC_WARN_64_TO_32_BIT_CONVERSION = YES;
				GCC_WARN_ABOUT_RETURN_TYPE = YES_ERROR;
				GCC_WARN_UNDECLARED_SELECTOR = YES;
				GCC_WARN_UNINITIALIZED_AUTOS = YES_AGGRESSIVE;
				GCC_WARN_UNUSED_FUNCTION = YES;
				GCC_WARN_UNUSED_VARIABLE = YES;
				MACOSX_DEPLOYMENT_TARGET = 10.12;
				MTL_ENABLE_DEBUG_INFO = NO;
				SDKROOT = macosx;
			};
			name = Release;
		};
		82FB49F91DBA3110004925AB /* Debug */ = {
			isa = XCBuildConfiguration;
			buildSettings = {
				PRODUCT_NAME = "$(TARGET_NAME)";
			};
			name = Debug;
		};
		82FB49FA1DBA3110004925AB /* Release */ = {
			isa = XCBuildConfiguration;
			buildSettings = {
				PRODUCT_NAME = "$(TARGET_NAME)";
			};
			name = Release;
		};
/* End XCBuildConfiguration section */

/* Begin XCConfigurationList section */
		82FB49EC1DBA3110004925AB /* Build configuration list for PBXProject "Ejercicio1" */ = {
			isa = XCConfigurationList;
			buildConfigurations = (
				82FB49F61DBA3110004925AB /* Debug */,
				82FB49F71DBA3110004925AB /* Release */,
			);
			defaultConfigurationIsVisible = 0;
			defaultConfigurationName = Release;
		};
		82FB49F81DBA3110004925AB /* Build configuration list for PBXNativeTarget "Ejercicio1" */ = {
			isa = XCConfigurationList;
			buildConfigurations = (
				82FB49F91DBA3110004925AB /* Debug */,
				82FB49FA1DBA3110004925AB /* Release */,
			);
			defaultConfigurationIsVisible = 0;
			defaultConfigurationName = Release;
		};
/* End XCConfigurationList section */
	};
	rootObject = 82FB49E91DBA3110004925AB /* Project object */;
}
